
Microsoft Visual Studio Solution File, Format Version 12.00
# Visual Studio Version 17
VisualStudioVersion = 17.10.35027.167
MinimumVisualStudioVersion = 10.0.40219.1
Project("{FAE04EC0-301F-11D3-BF4B-00C04F79EFBC}") = "PresentationSite", "PresentationSite\PresentationSite.csproj", "{21265BEF-AF7F-4592-B0F0-08D4AC50BD5D}"
EndProject
Global
	GlobalSection(SolutionConfigurationPlatforms) = preSolution
		Debug|Any CPU = Debug|Any CPU
		Release|Any CPU = Release|Any CPU
	EndGlobalSection
	GlobalSection(ProjectConfigurationPlatforms) = postSolution
		{21265BEF-AF7F-4592-B0F0-08D4AC50BD5D}.Debug|Any CPU.ActiveCfg = Debug|Any CPU
		{21265BEF-AF7F-4592-B0F0-08D4AC50BD5D}.Debug|Any CPU.Build.0 = Debug|Any CPU
		{21265BEF-AF7F-4592-B0F0-08D4AC50BD5D}.Release|Any CPU.ActiveCfg = Release|Any CPU
		{21265BEF-AF7F-4592-B0F0-08D4AC50BD5D}.Release|Any CPU.Build.0 = Release|Any CPU
	EndGlobalSection
	GlobalSection(SolutionProperties) = preSolution
		HideSolutionNode = FALSE
	EndGlobalSection
	GlobalSection(ExtensibilityGlobals) = postSolution
		SolutionGuid = {E051479E-5A44-49FF-BDCD-2B5C831E49D1}
	EndGlobalSection
EndGlobal
